
Microsoft Visual Studio Solution File, Format Version 12.00
# Visual Studio Version 16
VisualStudioVersion = 16.0.30104.148
MinimumVisualStudioVersion = 10.0.40219.1
Project("{FAE04EC0-301F-11D3-BF4B-00C04F79EFBC}") = "FinalSim2020", "FinalSim2020\FinalSim2020.csproj", "{D5A785DA-7713-4C60-86F9-3074BE2937AD}"
EndProject
Global
	GlobalSection(SolutionConfigurationPlatforms) = preSolution
		Debug|Any CPU = Debug|Any CPU
		Release|Any CPU = Release|Any CPU
	EndGlobalSection
	GlobalSection(ProjectConfigurationPlatforms) = postSolution
		{D5A785DA-7713-4C60-86F9-3074BE2937AD}.Debug|Any CPU.ActiveCfg = Debug|Any CPU
		{D5A785DA-7713-4C60-86F9-3074BE2937AD}.Debug|Any CPU.Build.0 = Debug|Any CPU
		{D5A785DA-7713-4C60-86F9-3074BE2937AD}.Release|Any CPU.ActiveCfg = Release|Any CPU
		{D5A785DA-7713-4C60-86F9-3074BE2937AD}.Release|Any CPU.Build.0 = Release|Any CPU
	EndGlobalSection
	GlobalSection(SolutionProperties) = preSolution
		HideSolutionNode = FALSE
	EndGlobalSection
	GlobalSection(ExtensibilityGlobals) = postSolution
		SolutionGuid = {D961CC55-E8A1-468A-84B1-3E2A7FC39B53}
	EndGlobalSection
EndGlobal
